
Microsoft Visual Studio Solution File, Format Version 12.00
# Visual Studio 15
VisualStudioVersion = 15.0.27130.2027
MinimumVisualStudioVersion = 10.0.40219.1
Project("{FAE04EC0-301F-11D3-BF4B-00C04F79EFBC}") = "parser", "parser\parser.csproj", "{8E3D0A66-1CBD-414A-BE3B-68ACAF3DD3D5}"
EndProject
Global
	GlobalSection(SolutionConfigurationPlatforms) = preSolution
		Debug|Any CPU = Debug|Any CPU
		Release|Any CPU = Release|Any CPU
	EndGlobalSection
	GlobalSection(ProjectConfigurationPlatforms) = postSolution
		{8E3D0A66-1CBD-414A-BE3B-68ACAF3DD3D5}.Debug|Any CPU.ActiveCfg = Debug|Any CPU
		{8E3D0A66-1CBD-414A-BE3B-68ACAF3DD3D5}.Debug|Any CPU.Build.0 = Debug|Any CPU
		{8E3D0A66-1CBD-414A-BE3B-68ACAF3DD3D5}.Release|Any CPU.ActiveCfg = Release|Any CPU
		{8E3D0A66-1CBD-414A-BE3B-68ACAF3DD3D5}.Release|Any CPU.Build.0 = Release|Any CPU
	EndGlobalSection
	GlobalSection(SolutionProperties) = preSolution
		HideSolutionNode = FALSE
	EndGlobalSection
	GlobalSection(ExtensibilityGlobals) = postSolution
		SolutionGuid = {03890FAF-4668-4DA1-B2DF-2F98EE34CEDC}
	EndGlobalSection
EndGlobal
